<?xml version="1.0" encoding="UTF-8" standalone="yes" ?>
<CodeBlocks_project_file>
	<FileVersion major="1" minor="6" />
	<Project>
		<Option title="taller1" />
		<Option pch_mode="2" />
		<Option compiler="gcc" />
		<Build>
			<Target title="Debug">
				<Option output="bin/Debug/taller1" prefix_auto="1" extension_auto="1" />
				<Option object_output="obj/Debug/" />
				<Option type="1" />
				<Option compiler="gcc" />
				<Compiler>
					<Add option="-g" />
				</Compiler>
			</Target>
			<Target title="Release">
				<Option output="bin/Release/taller1" prefix_auto="1" extension_auto="1" />
				<Option object_output="obj/Release/" />
				<Option type="1" />
				<Option compiler="gcc" />
				<Compiler>
					<Add option="-O2" />
				</Compiler>
				<Linker>
					<Add option="-s" />
				</Linker>
			</Target>
		</Build>
		<Compiler>
			<Add option="-Wall" />
			<Add option="-fexceptions" />
		</Compiler>
		<Unit filename="abb_clientes.cpp" />
		<Unit filename="abb_clientes.h" />
		<Unit filename="abb_productos.cpp" />
		<Unit filename="abb_productos.h" />
		<Unit filename="archivo.h" />
		<Unit filename="arreglo_lineas.cpp" />
		<Unit filename="arreglo_lineas.h" />
		<Unit filename="arreglo_string.cpp" />
		<Unit filename="arreglo_string.h" />
		<Unit filename="boolean.cpp" />
		<Unit filename="boolean.h" />
		<Unit filename="cliente.cpp" />
		<Unit filename="cliente.h" />
		<Unit filename="comando.cpp" />
		<Unit filename="comando.h" />
		<Unit filename="error.cpp" />
		<Unit filename="error.h" />
		<Unit filename="factura.cpp" />
		<Unit filename="factura.h" />
		<Unit filename="linea.cpp" />
		<Unit filename="linea.h" />
		<Unit filename="lista_facturas.h" />
		<Unit filename="main.cpp" />
		<Unit filename="parser.cpp" />
		<Unit filename="parser.h" />
		<Unit filename="producto.cpp" />
		<Unit filename="producto.h" />
		<Unit filename="string.cpp" />
		<Unit filename="string.h" />
		<Unit filename="test_abb_clientes.cpp" />
		<Unit filename="test_abb_productos.cpp" />
		<Unit filename="test_arreglo_string.cpp" />
		<Unit filename="test_boolean.cpp" />
		<Unit filename="test_cliente.cpp" />
		<Unit filename="test_errores.cpp" />
		<Unit filename="test_linea.cpp" />
		<Unit filename="test_producto.cpp" />
		<Unit filename="test_producto.h" />
		<Unit filename="test_string.cpp" />
		<Extensions>
			<code_completion />
			<debugger />
			<envvars />
		</Extensions>
	</Project>
</CodeBlocks_project_file>
